// !$*UTF8*$!
{
	archiveVersion = 1;
	classes = {
	};
	objectVersion = 46;
	objects = {

/* Begin PBXBuildFile section */
		FA241D361714D4C500BCC84A /* MainViewController.xib in Resources */ = {isa = PBXBuildFile; fileRef = FA241D351714D4C500BCC84A /* MainViewController.xib */; };
		FA241D381714D4F600BCC84A /* MoviesViewController.xib in Resources */ = {isa = PBXBuildFile; fileRef = FA241D371714D4F600BCC84A /* MoviesViewController.xib */; };
		FA241D3B1715667D00BCC84A /* CustomCellSuper.m in Sources */ = {isa = PBXBuildFile; fileRef = FA241D3A1715667D00BCC84A /* CustomCellSuper.m */; };
		FA241D3E1715669200BCC84A /* MovieCustomCell.m in Sources */ = {isa = PBXBuildFile; fileRef = FA241D3D1715669200BCC84A /* MovieCustomCell.m */; };
		FA241D401715669D00BCC84A /* MovieCustomCell.xib in Resources */ = {isa = PBXBuildFile; fileRef = FA241D3F1715669D00BCC84A /* MovieCustomCell.xib */; };
		FA2CC7611714CFBB00DDEFC4 /* MoviesViewController.m in Sources */ = {isa = PBXBuildFile; fileRef = FA2CC7601714CFBB00DDEFC4 /* MoviesViewController.m */; };
		FA2E1E96173E835900F39D5D /* AFHTTPClient.m in Sources */ = {isa = PBXBuildFile; fileRef = FA2E1E84173E835900F39D5D /* AFHTTPClient.m */; };
		FA2E1E97173E835900F39D5D /* AFHTTPRequestOperation.m in Sources */ = {isa = PBXBuildFile; fileRef = FA2E1E86173E835900F39D5D /* AFHTTPRequestOperation.m */; };
		FA2E1E98173E835900F39D5D /* AFImageRequestOperation.m in Sources */ = {isa = PBXBuildFile; fileRef = FA2E1E88173E835900F39D5D /* AFImageRequestOperation.m */; };
		FA2E1E99173E835900F39D5D /* AFJSONRequestOperation.m in Sources */ = {isa = PBXBuildFile; fileRef = FA2E1E8A173E835900F39D5D /* AFJSONRequestOperation.m */; };
		FA2E1E9A173E835900F39D5D /* AFNetworkActivityIndicatorManager.m in Sources */ = {isa = PBXBuildFile; fileRef = FA2E1E8C173E835900F39D5D /* AFNetworkActivityIndicatorManager.m */; };
		FA2E1E9B173E835900F39D5D /* AFPropertyListRequestOperation.m in Sources */ = {isa = PBXBuildFile; fileRef = FA2E1E8F173E835900F39D5D /* AFPropertyListRequestOperation.m */; };
		FA2E1E9C173E835900F39D5D /* AFURLConnectionOperation.m in Sources */ = {isa = PBXBuildFile; fileRef = FA2E1E91173E835900F39D5D /* AFURLConnectionOperation.m */; };
		FA2E1E9D173E835900F39D5D /* AFXMLRequestOperation.m in Sources */ = {isa = PBXBuildFile; fileRef = FA2E1E93173E835900F39D5D /* AFXMLRequestOperation.m */; };
		FA2E1E9E173E835900F39D5D /* UIImageView+AFNetworking.m in Sources */ = {isa = PBXBuildFile; fileRef = FA2E1E95173E835900F39D5D /* UIImageView+AFNetworking.m */; };
		FA2E1EAA173E9E5700F39D5D /* QuartzCore.framework in Frameworks */ = {isa = PBXBuildFile; fileRef = FA2E1EA9173E9E5700F39D5D /* QuartzCore.framework */; };
		FA2E1EAE173E9FF600F39D5D /* LeftSearchViewController.m in Sources */ = {isa = PBXBuildFile; fileRef = FA2E1EAC173E9FF600F39D5D /* LeftSearchViewController.m */; };
		FA2E1EAF173E9FF600F39D5D /* LeftSearchViewController.xib in Resources */ = {isa = PBXBuildFile; fileRef = FA2E1EAD173E9FF600F39D5D /* LeftSearchViewController.xib */; };
		FA2E1EB71741992500F39D5D /* PKRevealController.m in Sources */ = {isa = PBXBuildFile; fileRef = FA2E1EB21741992500F39D5D /* PKRevealController.m */; };
		FA2E1EB81741992500F39D5D /* PKRevealControllerContainerView.m in Sources */ = {isa = PBXBuildFile; fileRef = FA2E1EB41741992500F39D5D /* PKRevealControllerContainerView.m */; };
		FA2E1EB91741992500F39D5D /* UIViewController+PKRevealController.m in Sources */ = {isa = PBXBuildFile; fileRef = FA2E1EB61741992500F39D5D /* UIViewController+PKRevealController.m */; };
		FA37CC57171C892B000ADCF0 /* places.json in Resources */ = {isa = PBXBuildFile; fileRef = FA37CC56171C892B000ADCF0 /* places.json */; };
		FA37CC5A171CB398000ADCF0 /* Cinema.m in Sources */ = {isa = PBXBuildFile; fileRef = FA37CC59171CB398000ADCF0 /* Cinema.m */; };
		FA395A101714040D00558196 /* UIKit.framework in Frameworks */ = {isa = PBXBuildFile; fileRef = FA395A0F1714040D00558196 /* UIKit.framework */; };
		FA395A121714040D00558196 /* Foundation.framework in Frameworks */ = {isa = PBXBuildFile; fileRef = FA395A111714040D00558196 /* Foundation.framework */; };
		FA395A141714040D00558196 /* CoreGraphics.framework in Frameworks */ = {isa = PBXBuildFile; fileRef = FA395A131714040D00558196 /* CoreGraphics.framework */; };
		FA395A1A1714040D00558196 /* InfoPlist.strings in Resources */ = {isa = PBXBuildFile; fileRef = FA395A181714040D00558196 /* InfoPlist.strings */; };
		FA395A1C1714040D00558196 /* main.m in Sources */ = {isa = PBXBuildFile; fileRef = FA395A1B1714040D00558196 /* main.m */; };
		FA395A201714040D00558196 /* AppDelegate.m in Sources */ = {isa = PBXBuildFile; fileRef = FA395A1F1714040D00558196 /* AppDelegate.m */; };
		FA395A221714040D00558196 /* Default.png in Resources */ = {isa = PBXBuildFile; fileRef = FA395A211714040D00558196 /* Default.png */; };
		FA395A241714040D00558196 /* Default@2x.png in Resources */ = {isa = PBXBuildFile; fileRef = FA395A231714040D00558196 /* Default@2x.png */; };
		FA395A261714040D00558196 /* Default-568h@2x.png in Resources */ = {isa = PBXBuildFile; fileRef = FA395A251714040D00558196 /* Default-568h@2x.png */; };
		FA395A2F171404C400558196 /* MainViewController.m in Sources */ = {isa = PBXBuildFile; fileRef = FA395A2D171404C400558196 /* MainViewController.m */; };
		FA395A4617140AB700558196 /* SBJsonParser.m in Sources */ = {isa = PBXBuildFile; fileRef = FA395A3317140AB500558196 /* SBJsonParser.m */; };
		FA395A4717140AB700558196 /* SBJsonStreamParser.m in Sources */ = {isa = PBXBuildFile; fileRef = FA395A3517140AB500558196 /* SBJsonStreamParser.m */; };
		FA395A4817140AB700558196 /* SBJsonStreamParserAccumulator.m in Sources */ = {isa = PBXBuildFile; fileRef = FA395A3717140AB500558196 /* SBJsonStreamParserAccumulator.m */; };
		FA395A4917140AB700558196 /* SBJsonStreamParserAdapter.m in Sources */ = {isa = PBXBuildFile; fileRef = FA395A3917140AB500558196 /* SBJsonStreamParserAdapter.m */; };
		FA395A4A17140AB700558196 /* SBJsonStreamParserState.m in Sources */ = {isa = PBXBuildFile; fileRef = FA395A3B17140AB600558196 /* SBJsonStreamParserState.m */; };
		FA395A4B17140AB700558196 /* SBJsonStreamTokeniser.m in Sources */ = {isa = PBXBuildFile; fileRef = FA395A3D17140AB600558196 /* SBJsonStreamTokeniser.m */; };
		FA395A4C17140AB700558196 /* SBJsonStreamWriter.m in Sources */ = {isa = PBXBuildFile; fileRef = FA395A3F17140AB600558196 /* SBJsonStreamWriter.m */; };
		FA395A4D17140AB700558196 /* SBJsonStreamWriterAccumulator.m in Sources */ = {isa = PBXBuildFile; fileRef = FA395A4117140AB600558196 /* SBJsonStreamWriterAccumulator.m */; };
		FA395A4E17140AB700558196 /* SBJsonStreamWriterState.m in Sources */ = {isa = PBXBuildFile; fileRef = FA395A4317140AB600558196 /* SBJsonStreamWriterState.m */; };
		FA395A4F17140AB700558196 /* SBJsonWriter.m in Sources */ = {isa = PBXBuildFile; fileRef = FA395A4517140AB700558196 /* SBJsonWriter.m */; };
		FA395A5317140B5A00558196 /* Movie.m in Sources */ = {isa = PBXBuildFile; fileRef = FA395A5217140B5900558196 /* Movie.m */; };
		FA91DFD0173C4D65004932A9 /* LoginViewController.m in Sources */ = {isa = PBXBuildFile; fileRef = FA91DFCE173C4D65004932A9 /* LoginViewController.m */; };
		FA91DFD1173C4D65004932A9 /* LoginViewController.xib in Resources */ = {isa = PBXBuildFile; fileRef = FA91DFCF173C4D65004932A9 /* LoginViewController.xib */; };
		FAC5B47417156C99008C7828 /* SortOptionsModalViewController.m in Sources */ = {isa = PBXBuildFile; fileRef = FAC5B47217156C99008C7828 /* SortOptionsModalViewController.m */; };
		FAC5B47517156C99008C7828 /* SortOptionsModalViewController.xib in Resources */ = {isa = PBXBuildFile; fileRef = FAC5B47317156C99008C7828 /* SortOptionsModalViewController.xib */; };
		FAC5B4831715D962008C7828 /* LocationTimeOptionViewController.m in Sources */ = {isa = PBXBuildFile; fileRef = FAC5B4811715D962008C7828 /* LocationTimeOptionViewController.m */; };
		FAC5B4841715D962008C7828 /* LocationTimeOptionViewController.xib in Resources */ = {isa = PBXBuildFile; fileRef = FAC5B4821715D962008C7828 /* LocationTimeOptionViewController.xib */; };
		FAC5B4861715DAE4008C7828 /* CoreLocation.framework in Frameworks */ = {isa = PBXBuildFile; fileRef = FAC5B4851715DAE4008C7828 /* CoreLocation.framework */; };
		FAC5B4881715DD8F008C7828 /* MapKit.framework in Frameworks */ = {isa = PBXBuildFile; fileRef = FAC5B4871715DD8F008C7828 /* MapKit.framework */; };
		FAC5B48C17160E74008C7828 /* MainWindow.xib in Resources */ = {isa = PBXBuildFile; fileRef = FAC5B48B17160E73008C7828 /* MainWindow.xib */; };
		FAD20F8C1719761F0053160D /* DetailMovieViewController.m in Sources */ = {isa = PBXBuildFile; fileRef = FAD20F8A1719761F0053160D /* DetailMovieViewController.m */; };
		FAD20F8D1719761F0053160D /* DetailMovieViewController.xib in Resources */ = {isa = PBXBuildFile; fileRef = FAD20F8B1719761F0053160D /* DetailMovieViewController.xib */; };
/* End PBXBuildFile section */

/* Begin PBXFileReference section */
		FA241D351714D4C500BCC84A /* MainViewController.xib */ = {isa = PBXFileReference; fileEncoding = 4; lastKnownFileType = file.xib; path = MainViewController.xib; sourceTree = "<group>"; };
		FA241D371714D4F600BCC84A /* MoviesViewController.xib */ = {isa = PBXFileReference; fileEncoding = 4; lastKnownFileType = file.xib; path = MoviesViewController.xib; sourceTree = "<group>"; };
		FA241D391715667D00BCC84A /* CustomCellSuper.h */ = {isa = PBXFileReference; fileEncoding = 4; lastKnownFileType = sourcecode.c.h; path = CustomCellSuper.h; sourceTree = "<group>"; };
		FA241D3A1715667D00BCC84A /* CustomCellSuper.m */ = {isa = PBXFileReference; fileEncoding = 4; lastKnownFileType = sourcecode.c.objc; path = CustomCellSuper.m; sourceTree = "<group>"; };
		FA241D3C1715669200BCC84A /* MovieCustomCell.h */ = {isa = PBXFileReference; fileEncoding = 4; lastKnownFileType = sourcecode.c.h; path = MovieCustomCell.h; sourceTree = "<group>"; };
		FA241D3D1715669200BCC84A /* MovieCustomCell.m */ = {isa = PBXFileReference; fileEncoding = 4; lastKnownFileType = sourcecode.c.objc; path = MovieCustomCell.m; sourceTree = "<group>"; };
		FA241D3F1715669D00BCC84A /* MovieCustomCell.xib */ = {isa = PBXFileReference; fileEncoding = 4; lastKnownFileType = file.xib; path = MovieCustomCell.xib; sourceTree = "<group>"; };
		FA2CC75F1714CFBB00DDEFC4 /* MoviesViewController.h */ = {isa = PBXFileReference; fileEncoding = 4; lastKnownFileType = sourcecode.c.h; path = MoviesViewController.h; sourceTree = "<group>"; };
		FA2CC7601714CFBB00DDEFC4 /* MoviesViewController.m */ = {isa = PBXFileReference; fileEncoding = 4; lastKnownFileType = sourcecode.c.objc; path = MoviesViewController.m; sourceTree = "<group>"; };
		FA2E1E83173E835900F39D5D /* AFHTTPClient.h */ = {isa = PBXFileReference; fileEncoding = 4; lastKnownFileType = sourcecode.c.h; path = AFHTTPClient.h; sourceTree = "<group>"; };
		FA2E1E84173E835900F39D5D /* AFHTTPClient.m */ = {isa = PBXFileReference; fileEncoding = 4; lastKnownFileType = sourcecode.c.objc; path = AFHTTPClient.m; sourceTree = "<group>"; };
		FA2E1E85173E835900F39D5D /* AFHTTPRequestOperation.h */ = {isa = PBXFileReference; fileEncoding = 4; lastKnownFileType = sourcecode.c.h; path = AFHTTPRequestOperation.h; sourceTree = "<group>"; };
		FA2E1E86173E835900F39D5D /* AFHTTPRequestOperation.m */ = {isa = PBXFileReference; fileEncoding = 4; lastKnownFileType = sourcecode.c.objc; path = AFHTTPRequestOperation.m; sourceTree = "<group>"; };
		FA2E1E87173E835900F39D5D /* AFImageRequestOperation.h */ = {isa = PBXFileReference; fileEncoding = 4; lastKnownFileType = sourcecode.c.h; path = AFImageRequestOperation.h; sourceTree = "<group>"; };
		FA2E1E88173E835900F39D5D /* AFImageRequestOperation.m */ = {isa = PBXFileReference; fileEncoding = 4; lastKnownFileType = sourcecode.c.objc; path = AFImageRequestOperation.m; sourceTree = "<group>"; };
		FA2E1E89173E835900F39D5D /* AFJSONRequestOperation.h */ = {isa = PBXFileReference; fileEncoding = 4; lastKnownFileType = sourcecode.c.h; path = AFJSONRequestOperation.h; sourceTree = "<group>"; };
		FA2E1E8A173E835900F39D5D /* AFJSONRequestOperation.m */ = {isa = PBXFileReference; fileEncoding = 4; lastKnownFileType = sourcecode.c.objc; path = AFJSONRequestOperation.m; sourceTree = "<group>"; };
		FA2E1E8B173E835900F39D5D /* AFNetworkActivityIndicatorManager.h */ = {isa = PBXFileReference; fileEncoding = 4; lastKnownFileType = sourcecode.c.h; path = AFNetworkActivityIndicatorManager.h; sourceTree = "<group>"; };
		FA2E1E8C173E835900F39D5D /* AFNetworkActivityIndicatorManager.m */ = {isa = PBXFileReference; fileEncoding = 4; lastKnownFileType = sourcecode.c.objc; path = AFNetworkActivityIndicatorManager.m; sourceTree = "<group>"; };
		FA2E1E8D173E835900F39D5D /* AFNetworking.h */ = {isa = PBXFileReference; fileEncoding = 4; lastKnownFileType = sourcecode.c.h; path = AFNetworking.h; sourceTree = "<group>"; };
		FA2E1E8E173E835900F39D5D /* AFPropertyListRequestOperation.h */ = {isa = PBXFileReference; fileEncoding = 4; lastKnownFileType = sourcecode.c.h; path = AFPropertyListRequestOperation.h; sourceTree = "<group>"; };
		FA2E1E8F173E835900F39D5D /* AFPropertyListRequestOperation.m */ = {isa = PBXFileReference; fileEncoding = 4; lastKnownFileType = sourcecode.c.objc; path = AFPropertyListRequestOperation.m; sourceTree = "<group>"; };
		FA2E1E90173E835900F39D5D /* AFURLConnectionOperation.h */ = {isa = PBXFileReference; fileEncoding = 4; lastKnownFileType = sourcecode.c.h; path = AFURLConnectionOperation.h; sourceTree = "<group>"; };
		FA2E1E91173E835900F39D5D /* AFURLConnectionOperation.m */ = {isa = PBXFileReference; fileEncoding = 4; lastKnownFileType = sourcecode.c.objc; path = AFURLConnectionOperation.m; sourceTree = "<group>"; };
		FA2E1E92173E835900F39D5D /* AFXMLRequestOperation.h */ = {isa = PBXFileReference; fileEncoding = 4; lastKnownFileType = sourcecode.c.h; path = AFXMLRequestOperation.h; sourceTree = "<group>"; };
		FA2E1E93173E835900F39D5D /* AFXMLRequestOperation.m */ = {isa = PBXFileReference; fileEncoding = 4; lastKnownFileType = sourcecode.c.objc; path = AFXMLRequestOperation.m; sourceTree = "<group>"; };
		FA2E1E94173E835900F39D5D /* UIImageView+AFNetworking.h */ = {isa = PBXFileReference; fileEncoding = 4; lastKnownFileType = sourcecode.c.h; path = "UIImageView+AFNetworking.h"; sourceTree = "<group>"; };
		FA2E1E95173E835900F39D5D /* UIImageView+AFNetworking.m */ = {isa = PBXFileReference; fileEncoding = 4; lastKnownFileType = sourcecode.c.objc; path = "UIImageView+AFNetworking.m"; sourceTree = "<group>"; };
		FA2E1EA9173E9E5700F39D5D /* QuartzCore.framework */ = {isa = PBXFileReference; lastKnownFileType = wrapper.framework; name = QuartzCore.framework; path = System/Library/Frameworks/QuartzCore.framework; sourceTree = SDKROOT; };
		FA2E1EAB173E9FF600F39D5D /* LeftSearchViewController.h */ = {isa = PBXFileReference; fileEncoding = 4; lastKnownFileType = sourcecode.c.h; path = LeftSearchViewController.h; sourceTree = "<group>"; };
		FA2E1EAC173E9FF600F39D5D /* LeftSearchViewController.m */ = {isa = PBXFileReference; fileEncoding = 4; lastKnownFileType = sourcecode.c.objc; path = LeftSearchViewController.m; sourceTree = "<group>"; };
		FA2E1EAD173E9FF600F39D5D /* LeftSearchViewController.xib */ = {isa = PBXFileReference; fileEncoding = 4; lastKnownFileType = file.xib; path = LeftSearchViewController.xib; sourceTree = "<group>"; };
		FA2E1EB11741992500F39D5D /* PKRevealController.h */ = {isa = PBXFileReference; fileEncoding = 4; lastKnownFileType = sourcecode.c.h; path = PKRevealController.h; sourceTree = "<group>"; };
		FA2E1EB21741992500F39D5D /* PKRevealController.m */ = {isa = PBXFileReference; fileEncoding = 4; lastKnownFileType = sourcecode.c.objc; path = PKRevealController.m; sourceTree = "<group>"; };
		FA2E1EB31741992500F39D5D /* PKRevealControllerContainerView.h */ = {isa = PBXFileReference; fileEncoding = 4; lastKnownFileType = sourcecode.c.h; path = PKRevealControllerContainerView.h; sourceTree = "<group>"; };
		FA2E1EB41741992500F39D5D /* PKRevealControllerContainerView.m */ = {isa = PBXFileReference; fileEncoding = 4; lastKnownFileType = sourcecode.c.objc; path = PKRevealControllerContainerView.m; sourceTree = "<group>"; };
		FA2E1EB51741992500F39D5D /* UIViewController+PKRevealController.h */ = {isa = PBXFileReference; fileEncoding = 4; lastKnownFileType = sourcecode.c.h; path = "UIViewController+PKRevealController.h"; sourceTree = "<group>"; };
		FA2E1EB61741992500F39D5D /* UIViewController+PKRevealController.m */ = {isa = PBXFileReference; fileEncoding = 4; lastKnownFileType = sourcecode.c.objc; path = "UIViewController+PKRevealController.m"; sourceTree = "<group>"; };
		FA37CC56171C892B000ADCF0 /* places.json */ = {isa = PBXFileReference; fileEncoding = 4; lastKnownFileType = text.json; path = places.json; sourceTree = "<group>"; };
		FA37CC58171CB398000ADCF0 /* Cinema.h */ = {isa = PBXFileReference; fileEncoding = 4; lastKnownFileType = sourcecode.c.h; path = Cinema.h; sourceTree = "<group>"; };
		FA37CC59171CB398000ADCF0 /* Cinema.m */ = {isa = PBXFileReference; fileEncoding = 4; lastKnownFileType = sourcecode.c.objc; path = Cinema.m; sourceTree = "<group>"; };
		FA395A0C1714040D00558196 /* GoToCinema.app */ = {isa = PBXFileReference; explicitFileType = wrapper.application; includeInIndex = 0; path = GoToCinema.app; sourceTree = BUILT_PRODUCTS_DIR; };
		FA395A0F1714040D00558196 /* UIKit.framework */ = {isa = PBXFileReference; lastKnownFileType = wrapper.framework; name = UIKit.framework; path = System/Library/Frameworks/UIKit.framework; sourceTree = SDKROOT; };
		FA395A111714040D00558196 /* Foundation.framework */ = {isa = PBXFileReference; lastKnownFileType = wrapper.framework; name = Foundation.framework; path = System/Library/Frameworks/Foundation.framework; sourceTree = SDKROOT; };
		FA395A131714040D00558196 /* CoreGraphics.framework */ = {isa = PBXFileReference; lastKnownFileType = wrapper.framework; name = CoreGraphics.framework; path = System/Library/Frameworks/CoreGraphics.framework; sourceTree = SDKROOT; };
		FA395A171714040D00558196 /* GoToCinema-Info.plist */ = {isa = PBXFileReference; lastKnownFileType = text.plist.xml; path = "GoToCinema-Info.plist"; sourceTree = "<group>"; };
		FA395A191714040D00558196 /* en */ = {isa = PBXFileReference; lastKnownFileType = text.plist.strings; name = en; path = en.lproj/InfoPlist.strings; sourceTree = "<group>"; };
		FA395A1B1714040D00558196 /* main.m */ = {isa = PBXFileReference; lastKnownFileType = sourcecode.c.objc; path = main.m; sourceTree = "<group>"; };
		FA395A1D1714040D00558196 /* GoToCinema-Prefix.pch */ = {isa = PBXFileReference; lastKnownFileType = sourcecode.c.h; path = "GoToCinema-Prefix.pch"; sourceTree = "<group>"; };
		FA395A1E1714040D00558196 /* AppDelegate.h */ = {isa = PBXFileReference; lastKnownFileType = sourcecode.c.h; path = AppDelegate.h; sourceTree = "<group>"; };
		FA395A1F1714040D00558196 /* AppDelegate.m */ = {isa = PBXFileReference; lastKnownFileType = sourcecode.c.objc; path = AppDelegate.m; sourceTree = "<group>"; };
		FA395A211714040D00558196 /* Default.png */ = {isa = PBXFileReference; lastKnownFileType = image.png; path = Default.png; sourceTree = "<group>"; };
		FA395A231714040D00558196 /* Default@2x.png */ = {isa = PBXFileReference; lastKnownFileType = image.png; path = "Default@2x.png"; sourceTree = "<group>"; };
		FA395A251714040D00558196 /* Default-568h@2x.png */ = {isa = PBXFileReference; lastKnownFileType = image.png; path = "Default-568h@2x.png"; sourceTree = "<group>"; };
		FA395A2C171404C400558196 /* MainViewController.h */ = {isa = PBXFileReference; fileEncoding = 4; lastKnownFileType = sourcecode.c.h; path = MainViewController.h; sourceTree = "<group>"; };
		FA395A2D171404C400558196 /* MainViewController.m */ = {isa = PBXFileReference; fileEncoding = 4; lastKnownFileType = sourcecode.c.objc; path = MainViewController.m; sourceTree = "<group>"; };
		FA395A3117140AB500558196 /* SBJson.h */ = {isa = PBXFileReference; fileEncoding = 4; lastKnownFileType = sourcecode.c.h; path = SBJson.h; sourceTree = "<group>"; };
		FA395A3217140AB500558196 /* SBJsonParser.h */ = {isa = PBXFileReference; fileEncoding = 4; lastKnownFileType = sourcecode.c.h; path = SBJsonParser.h; sourceTree = "<group>"; };
		FA395A3317140AB500558196 /* SBJsonParser.m */ = {isa = PBXFileReference; fileEncoding = 4; lastKnownFileType = sourcecode.c.objc; path = SBJsonParser.m; sourceTree = "<group>"; };
		FA395A3417140AB500558196 /* SBJsonStreamParser.h */ = {isa = PBXFileReference; fileEncoding = 4; lastKnownFileType = sourcecode.c.h; path = SBJsonStreamParser.h; sourceTree = "<group>"; };
		FA395A3517140AB500558196 /* SBJsonStreamParser.m */ = {isa = PBXFileReference; fileEncoding = 4; lastKnownFileType = sourcecode.c.objc; path = SBJsonStreamParser.m; sourceTree = "<group>"; };
		FA395A3617140AB500558196 /* SBJsonStreamParserAccumulator.h */ = {isa = PBXFileReference; fileEncoding = 4; lastKnownFileType = sourcecode.c.h; path = SBJsonStreamParserAccumulator.h; sourceTree = "<group>"; };
		FA395A3717140AB500558196 /* SBJsonStreamParserAccumulator.m */ = {isa = PBXFileReference; fileEncoding = 4; lastKnownFileType = sourcecode.c.objc; path = SBJsonStreamParserAccumulator.m; sourceTree = "<group>"; };
		FA395A3817140AB500558196 /* SBJsonStreamParserAdapter.h */ = {isa = PBXFileReference; fileEncoding = 4; lastKnownFileType = sourcecode.c.h; path = SBJsonStreamParserAdapter.h; sourceTree = "<group>"; };
		FA395A3917140AB500558196 /* SBJsonStreamParserAdapter.m */ = {isa = PBXFileReference; fileEncoding = 4; lastKnownFileType = sourcecode.c.objc; path = SBJsonStreamParserAdapter.m; sourceTree = "<group>"; };
		FA395A3A17140AB600558196 /* SBJsonStreamParserState.h */ = {isa = PBXFileReference; fileEncoding = 4; lastKnownFileType = sourcecode.c.h; path = SBJsonStreamParserState.h; sourceTree = "<group>"; };
		FA395A3B17140AB600558196 /* SBJsonStreamParserState.m */ = {isa = PBXFileReference; fileEncoding = 4; lastKnownFileType = sourcecode.c.objc; path = SBJsonStreamParserState.m; sourceTree = "<group>"; };
		FA395A3C17140AB600558196 /* SBJsonStreamTokeniser.h */ = {isa = PBXFileReference; fileEncoding = 4; lastKnownFileType = sourcecode.c.h; path = SBJsonStreamTokeniser.h; sourceTree = "<group>"; };
		FA395A3D17140AB600558196 /* SBJsonStreamTokeniser.m */ = {isa = PBXFileReference; fileEncoding = 4; lastKnownFileType = sourcecode.c.objc; path = SBJsonStreamTokeniser.m; sourceTree = "<group>"; };
		FA395A3E17140AB600558196 /* SBJsonStreamWriter.h */ = {isa = PBXFileReference; fileEncoding = 4; lastKnownFileType = sourcecode.c.h; path = SBJsonStreamWriter.h; sourceTree = "<group>"; };
		FA395A3F17140AB600558196 /* SBJsonStreamWriter.m */ = {isa = PBXFileReference; fileEncoding = 4; lastKnownFileType = sourcecode.c.objc; path = SBJsonStreamWriter.m; sourceTree = "<group>"; };
		FA395A4017140AB600558196 /* SBJsonStreamWriterAccumulator.h */ = {isa = PBXFileReference; fileEncoding = 4; lastKnownFileType = sourcecode.c.h; path = SBJsonStreamWriterAccumulator.h; sourceTree = "<group>"; };
		FA395A4117140AB600558196 /* SBJsonStreamWriterAccumulator.m */ = {isa = PBXFileReference; fileEncoding = 4; lastKnownFileType = sourcecode.c.objc; path = SBJsonStreamWriterAccumulator.m; sourceTree = "<group>"; };
		FA395A4217140AB600558196 /* SBJsonStreamWriterState.h */ = {isa = PBXFileReference; fileEncoding = 4; lastKnownFileType = sourcecode.c.h; path = SBJsonStreamWriterState.h; sourceTree = "<group>"; };
		FA395A4317140AB600558196 /* SBJsonStreamWriterState.m */ = {isa = PBXFileReference; fileEncoding = 4; lastKnownFileType = sourcecode.c.objc; path = SBJsonStreamWriterState.m; sourceTree = "<group>"; };
		FA395A4417140AB700558196 /* SBJsonWriter.h */ = {isa = PBXFileReference; fileEncoding = 4; lastKnownFileType = sourcecode.c.h; path = SBJsonWriter.h; sourceTree = "<group>"; };
		FA395A4517140AB700558196 /* SBJsonWriter.m */ = {isa = PBXFileReference; fileEncoding = 4; lastKnownFileType = sourcecode.c.objc; path = SBJsonWriter.m; sourceTree = "<group>"; };
		FA395A5117140B5900558196 /* Movie.h */ = {isa = PBXFileReference; fileEncoding = 4; lastKnownFileType = sourcecode.c.h; path = Movie.h; sourceTree = "<group>"; };
		FA395A5217140B5900558196 /* Movie.m */ = {isa = PBXFileReference; fileEncoding = 4; lastKnownFileType = sourcecode.c.objc; path = Movie.m; sourceTree = "<group>"; };
		FA91DFCD173C4D65004932A9 /* LoginViewController.h */ = {isa = PBXFileReference; fileEncoding = 4; lastKnownFileType = sourcecode.c.h; path = LoginViewController.h; sourceTree = "<group>"; };
		FA91DFCE173C4D65004932A9 /* LoginViewController.m */ = {isa = PBXFileReference; fileEncoding = 4; lastKnownFileType = sourcecode.c.objc; path = LoginViewController.m; sourceTree = "<group>"; };
		FA91DFCF173C4D65004932A9 /* LoginViewController.xib */ = {isa = PBXFileReference; fileEncoding = 4; lastKnownFileType = file.xib; path = LoginViewController.xib; sourceTree = "<group>"; };
		FAC5B47117156C99008C7828 /* SortOptionsModalViewController.h */ = {isa = PBXFileReference; fileEncoding = 4; lastKnownFileType = sourcecode.c.h; path = SortOptionsModalViewController.h; sourceTree = "<group>"; };
		FAC5B47217156C99008C7828 /* SortOptionsModalViewController.m */ = {isa = PBXFileReference; fileEncoding = 4; lastKnownFileType = sourcecode.c.objc; path = SortOptionsModalViewController.m; sourceTree = "<group>"; };
		FAC5B47317156C99008C7828 /* SortOptionsModalViewController.xib */ = {isa = PBXFileReference; fileEncoding = 4; lastKnownFileType = file.xib; path = SortOptionsModalViewController.xib; sourceTree = "<group>"; };
		FAC5B4801715D961008C7828 /* LocationTimeOptionViewController.h */ = {isa = PBXFileReference; fileEncoding = 4; lastKnownFileType = sourcecode.c.h; path = LocationTimeOptionViewController.h; sourceTree = "<group>"; };
		FAC5B4811715D962008C7828 /* LocationTimeOptionViewController.m */ = {isa = PBXFileReference; fileEncoding = 4; lastKnownFileType = sourcecode.c.objc; path = LocationTimeOptionViewController.m; sourceTree = "<group>"; };
		FAC5B4821715D962008C7828 /* LocationTimeOptionViewController.xib */ = {isa = PBXFileReference; fileEncoding = 4; lastKnownFileType = file.xib; path = LocationTimeOptionViewController.xib; sourceTree = "<group>"; };
		FAC5B4851715DAE4008C7828 /* CoreLocation.framework */ = {isa = PBXFileReference; lastKnownFileType = wrapper.framework; name = CoreLocation.framework; path = System/Library/Frameworks/CoreLocation.framework; sourceTree = SDKROOT; };
		FAC5B4871715DD8F008C7828 /* MapKit.framework */ = {isa = PBXFileReference; lastKnownFileType = wrapper.framework; name = MapKit.framework; path = System/Library/Frameworks/MapKit.framework; sourceTree = SDKROOT; };
		FAC5B48B17160E73008C7828 /* MainWindow.xib */ = {isa = PBXFileReference; fileEncoding = 4; lastKnownFileType = file.xib; path = MainWindow.xib; sourceTree = "<group>"; };
		FAD20F891719761F0053160D /* DetailMovieViewController.h */ = {isa = PBXFileReference; fileEncoding = 4; lastKnownFileType = sourcecode.c.h; path = DetailMovieViewController.h; sourceTree = "<group>"; };
		FAD20F8A1719761F0053160D /* DetailMovieViewController.m */ = {isa = PBXFileReference; fileEncoding = 4; lastKnownFileType = sourcecode.c.objc; path = DetailMovieViewController.m; sourceTree = "<group>"; };
		FAD20F8B1719761F0053160D /* DetailMovieViewController.xib */ = {isa = PBXFileReference; fileEncoding = 4; lastKnownFileType = file.xib; path = DetailMovieViewController.xib; sourceTree = "<group>"; };
/* End PBXFileReference section */

/* Begin PBXFrameworksBuildPhase section */
		FA395A091714040D00558196 /* Frameworks */ = {
			isa = PBXFrameworksBuildPhase;
			buildActionMask = 2147483647;
			files = (
				FA2E1EAA173E9E5700F39D5D /* QuartzCore.framework in Frameworks */,
				FAC5B4881715DD8F008C7828 /* MapKit.framework in Frameworks */,
				FAC5B4861715DAE4008C7828 /* CoreLocation.framework in Frameworks */,
				FA395A101714040D00558196 /* UIKit.framework in Frameworks */,
				FA395A121714040D00558196 /* Foundation.framework in Frameworks */,
				FA395A141714040D00558196 /* CoreGraphics.framework in Frameworks */,
			);
			runOnlyForDeploymentPostprocessing = 0;
		};
/* End PBXFrameworksBuildPhase section */

/* Begin PBXGroup section */
		FA241D41171566A300BCC84A /* MovieCustomCell */ = {
			isa = PBXGroup;
			children = (
				FA241D391715667D00BCC84A /* CustomCellSuper.h */,
				FA241D3A1715667D00BCC84A /* CustomCellSuper.m */,
				FA241D3C1715669200BCC84A /* MovieCustomCell.h */,
				FA241D3D1715669200BCC84A /* MovieCustomCell.m */,
				FA241D3F1715669D00BCC84A /* MovieCustomCell.xib */,
			);
			name = MovieCustomCell;
			sourceTree = "<group>";
		};
		FA2E1E82173E830D00F39D5D /* AFNetworking */ = {
			isa = PBXGroup;
			children = (
				FA2E1E83173E835900F39D5D /* AFHTTPClient.h */,
				FA2E1E84173E835900F39D5D /* AFHTTPClient.m */,
				FA2E1E85173E835900F39D5D /* AFHTTPRequestOperation.h */,
				FA2E1E86173E835900F39D5D /* AFHTTPRequestOperation.m */,
				FA2E1E87173E835900F39D5D /* AFImageRequestOperation.h */,
				FA2E1E88173E835900F39D5D /* AFImageRequestOperation.m */,
				FA2E1E89173E835900F39D5D /* AFJSONRequestOperation.h */,
				FA2E1E8A173E835900F39D5D /* AFJSONRequestOperation.m */,
				FA2E1E8B173E835900F39D5D /* AFNetworkActivityIndicatorManager.h */,
				FA2E1E8C173E835900F39D5D /* AFNetworkActivityIndicatorManager.m */,
				FA2E1E8D173E835900F39D5D /* AFNetworking.h */,
				FA2E1E8E173E835900F39D5D /* AFPropertyListRequestOperation.h */,
				FA2E1E8F173E835900F39D5D /* AFPropertyListRequestOperation.m */,
				FA2E1E90173E835900F39D5D /* AFURLConnectionOperation.h */,
				FA2E1E91173E835900F39D5D /* AFURLConnectionOperation.m */,
				FA2E1E92173E835900F39D5D /* AFXMLRequestOperation.h */,
				FA2E1E93173E835900F39D5D /* AFXMLRequestOperation.m */,
				FA2E1E94173E835900F39D5D /* UIImageView+AFNetworking.h */,
				FA2E1E95173E835900F39D5D /* UIImageView+AFNetworking.m */,
			);
			name = AFNetworking;
			sourceTree = "<group>";
		};
		FA2E1EB01741991000F39D5D /* PKRevealController */ = {
			isa = PBXGroup;
			children = (
				FA2E1EB11741992500F39D5D /* PKRevealController.h */,
				FA2E1EB21741992500F39D5D /* PKRevealController.m */,
				FA2E1EB31741992500F39D5D /* PKRevealControllerContainerView.h */,
				FA2E1EB41741992500F39D5D /* PKRevealControllerContainerView.m */,
				FA2E1EB51741992500F39D5D /* UIViewController+PKRevealController.h */,
				FA2E1EB61741992500F39D5D /* UIViewController+PKRevealController.m */,
			);
			name = PKRevealController;
			sourceTree = "<group>";
		};
		FA395A031714040C00558196 = {
			isa = PBXGroup;
			children = (
				FA395A151714040D00558196 /* GoToCinema */,
				FA395A0E1714040D00558196 /* Frameworks */,
				FA395A0D1714040D00558196 /* Products */,
			);
			sourceTree = "<group>";
		};
		FA395A0D1714040D00558196 /* Products */ = {
			isa = PBXGroup;
			children = (
				FA395A0C1714040D00558196 /* GoToCinema.app */,
			);
			name = Products;
			sourceTree = "<group>";
		};
		FA395A0E1714040D00558196 /* Frameworks */ = {
			isa = PBXGroup;
			children = (
				FA2E1EA9173E9E5700F39D5D /* QuartzCore.framework */,
				FAC5B4871715DD8F008C7828 /* MapKit.framework */,
				FAC5B4851715DAE4008C7828 /* CoreLocation.framework */,
				FA395A0F1714040D00558196 /* UIKit.framework */,
				FA395A111714040D00558196 /* Foundation.framework */,
				FA395A131714040D00558196 /* CoreGraphics.framework */,
			);
			name = Frameworks;
			sourceTree = "<group>";
		};
		FA395A151714040D00558196 /* GoToCinema */ = {
			isa = PBXGroup;
			children = (
				FA395A1E1714040D00558196 /* AppDelegate.h */,
				FA395A1F1714040D00558196 /* AppDelegate.m */,
				FAC5B48B17160E73008C7828 /* MainWindow.xib */,
				FA395A5117140B5900558196 /* Movie.h */,
				FA395A5217140B5900558196 /* Movie.m */,
				FA37CC58171CB398000ADCF0 /* Cinema.h */,
				FA37CC59171CB398000ADCF0 /* Cinema.m */,
				FA91DFCD173C4D65004932A9 /* LoginViewController.h */,
				FA91DFCE173C4D65004932A9 /* LoginViewController.m */,
				FA91DFCF173C4D65004932A9 /* LoginViewController.xib */,
				FA395A2C171404C400558196 /* MainViewController.h */,
				FA395A2D171404C400558196 /* MainViewController.m */,
				FA241D351714D4C500BCC84A /* MainViewController.xib */,
				FA2E1EAB173E9FF600F39D5D /* LeftSearchViewController.h */,
				FA2E1EAC173E9FF600F39D5D /* LeftSearchViewController.m */,
				FA2E1EAD173E9FF600F39D5D /* LeftSearchViewController.xib */,
				FA2CC75F1714CFBB00DDEFC4 /* MoviesViewController.h */,
				FA2CC7601714CFBB00DDEFC4 /* MoviesViewController.m */,
				FA241D371714D4F600BCC84A /* MoviesViewController.xib */,
				FAD20F891719761F0053160D /* DetailMovieViewController.h */,
				FAD20F8A1719761F0053160D /* DetailMovieViewController.m */,
				FAD20F8B1719761F0053160D /* DetailMovieViewController.xib */,
				FAC5B47117156C99008C7828 /* SortOptionsModalViewController.h */,
				FAC5B47217156C99008C7828 /* SortOptionsModalViewController.m */,
				FAC5B47317156C99008C7828 /* SortOptionsModalViewController.xib */,
				FAC5B4801715D961008C7828 /* LocationTimeOptionViewController.h */,
				FAC5B4811715D962008C7828 /* LocationTimeOptionViewController.m */,
				FAC5B4821715D962008C7828 /* LocationTimeOptionViewController.xib */,
				FA395A5017140ABE00558196 /* Resources */,
				FA395A161714040D00558196 /* Supporting Files */,
			);
			path = GoToCinema;
			sourceTree = "<group>";
		};
		FA395A161714040D00558196 /* Supporting Files */ = {
			isa = PBXGroup;
			children = (
				FA395A171714040D00558196 /* GoToCinema-Info.plist */,
				FA395A181714040D00558196 /* InfoPlist.strings */,
				FA395A1B1714040D00558196 /* main.m */,
				FA395A1D1714040D00558196 /* GoToCinema-Prefix.pch */,
				FA395A211714040D00558196 /* Default.png */,
				FA395A231714040D00558196 /* Default@2x.png */,
				FA395A251714040D00558196 /* Default-568h@2x.png */,
			);
			name = "Supporting Files";
			sourceTree = "<group>";
		};
		FA395A5017140ABE00558196 /* Resources */ = {
			isa = PBXGroup;
			children = (
				FA2E1EB01741991000F39D5D /* PKRevealController */,
				FA2E1E82173E830D00F39D5D /* AFNetworking */,
				FA37CC56171C892B000ADCF0 /* places.json */,
				FA241D41171566A300BCC84A /* MovieCustomCell */,
				FAC5B4701715672F008C7828 /* JSON Parser */,
			);
			name = Resources;
			sourceTree = "<group>";
		};
		FAC5B4701715672F008C7828 /* JSON Parser */ = {
			isa = PBXGroup;
			children = (
				FA395A3117140AB500558196 /* SBJson.h */,
				FA395A3217140AB500558196 /* SBJsonParser.h */,
				FA395A3317140AB500558196 /* SBJsonParser.m */,
				FA395A3417140AB500558196 /* SBJsonStreamParser.h */,
				FA395A3517140AB500558196 /* SBJsonStreamParser.m */,
				FA395A3617140AB500558196 /* SBJsonStreamParserAccumulator.h */,
				FA395A3717140AB500558196 /* SBJsonStreamParserAccumulator.m */,
				FA395A3817140AB500558196 /* SBJsonStreamParserAdapter.h */,
				FA395A3917140AB500558196 /* SBJsonStreamParserAdapter.m */,
				FA395A3A17140AB600558196 /* SBJsonStreamParserState.h */,
				FA395A3B17140AB600558196 /* SBJsonStreamParserState.m */,
				FA395A3C17140AB600558196 /* SBJsonStreamTokeniser.h */,
				FA395A3D17140AB600558196 /* SBJsonStreamTokeniser.m */,
				FA395A3E17140AB600558196 /* SBJsonStreamWriter.h */,
				FA395A3F17140AB600558196 /* SBJsonStreamWriter.m */,
				FA395A4017140AB600558196 /* SBJsonStreamWriterAccumulator.h */,
				FA395A4117140AB600558196 /* SBJsonStreamWriterAccumulator.m */,
				FA395A4217140AB600558196 /* SBJsonStreamWriterState.h */,
				FA395A4317140AB600558196 /* SBJsonStreamWriterState.m */,
				FA395A4417140AB700558196 /* SBJsonWriter.h */,
				FA395A4517140AB700558196 /* SBJsonWriter.m */,
			);
			name = "JSON Parser";
			sourceTree = "<group>";
		};
/* End PBXGroup section */

/* Begin PBXNativeTarget section */
		FA395A0B1714040D00558196 /* GoToCinema */ = {
			isa = PBXNativeTarget;
			buildConfigurationList = FA395A291714040D00558196 /* Build configuration list for PBXNativeTarget "GoToCinema" */;
			buildPhases = (
				FA395A081714040D00558196 /* Sources */,
				FA395A091714040D00558196 /* Frameworks */,
				FA395A0A1714040D00558196 /* Resources */,
			);
			buildRules = (
			);
			dependencies = (
			);
			name = GoToCinema;
			productName = GoToCinema;
			productReference = FA395A0C1714040D00558196 /* GoToCinema.app */;
			productType = "com.apple.product-type.application";
		};
/* End PBXNativeTarget section */

/* Begin PBXProject section */
		FA395A041714040C00558196 /* Project object */ = {
			isa = PBXProject;
			attributes = {
				LastUpgradeCheck = 0460;
				ORGANIZATIONNAME = "Alexandru Clapa";
			};
			buildConfigurationList = FA395A071714040C00558196 /* Build configuration list for PBXProject "GoToCinema" */;
			compatibilityVersion = "Xcode 3.2";
			developmentRegion = English;
			hasScannedForEncodings = 0;
			knownRegions = (
				en,
			);
			mainGroup = FA395A031714040C00558196;
			productRefGroup = FA395A0D1714040D00558196 /* Products */;
			projectDirPath = "";
			projectRoot = "";
			targets = (
				FA395A0B1714040D00558196 /* GoToCinema */,
			);
		};
/* End PBXProject section */

/* Begin PBXResourcesBuildPhase section */
		FA395A0A1714040D00558196 /* Resources */ = {
			isa = PBXResourcesBuildPhase;
			buildActionMask = 2147483647;
			files = (
				FA395A1A1714040D00558196 /* InfoPlist.strings in Resources */,
				FA395A221714040D00558196 /* Default.png in Resources */,
				FA395A241714040D00558196 /* Default@2x.png in Resources */,
				FA395A261714040D00558196 /* Default-568h@2x.png in Resources */,
				FA241D361714D4C500BCC84A /* MainViewController.xib in Resources */,
				FA241D381714D4F600BCC84A /* MoviesViewController.xib in Resources */,
				FA241D401715669D00BCC84A /* MovieCustomCell.xib in Resources */,
				FAC5B47517156C99008C7828 /* SortOptionsModalViewController.xib in Resources */,
				FAC5B4841715D962008C7828 /* LocationTimeOptionViewController.xib in Resources */,
				FAC5B48C17160E74008C7828 /* MainWindow.xib in Resources */,
				FAD20F8D1719761F0053160D /* DetailMovieViewController.xib in Resources */,
				FA37CC57171C892B000ADCF0 /* places.json in Resources */,
				FA91DFD1173C4D65004932A9 /* LoginViewController.xib in Resources */,
				FA2E1EAF173E9FF600F39D5D /* LeftSearchViewController.xib in Resources */,
			);
			runOnlyForDeploymentPostprocessing = 0;
		};
/* End PBXResourcesBuildPhase section */

/* Begin PBXSourcesBuildPhase section */
		FA395A081714040D00558196 /* Sources */ = {
			isa = PBXSourcesBuildPhase;
			buildActionMask = 2147483647;
			files = (
				FA395A1C1714040D00558196 /* main.m in Sources */,
				FA395A201714040D00558196 /* AppDelegate.m in Sources */,
				FA395A2F171404C400558196 /* MainViewController.m in Sources */,
				FA395A4617140AB700558196 /* SBJsonParser.m in Sources */,
				FA395A4717140AB700558196 /* SBJsonStreamParser.m in Sources */,
				FA395A4817140AB700558196 /* SBJsonStreamParserAccumulator.m in Sources */,
				FA395A4917140AB700558196 /* SBJsonStreamParserAdapter.m in Sources */,
				FA395A4A17140AB700558196 /* SBJsonStreamParserState.m in Sources */,
				FA395A4B17140AB700558196 /* SBJsonStreamTokeniser.m in Sources */,
				FA395A4C17140AB700558196 /* SBJsonStreamWriter.m in Sources */,
				FA395A4D17140AB700558196 /* SBJsonStreamWriterAccumulator.m in Sources */,
				FA395A4E17140AB700558196 /* SBJsonStreamWriterState.m in Sources */,
				FA395A4F17140AB700558196 /* SBJsonWriter.m in Sources */,
				FA395A5317140B5A00558196 /* Movie.m in Sources */,
				FA2CC7611714CFBB00DDEFC4 /* MoviesViewController.m in Sources */,
				FA241D3B1715667D00BCC84A /* CustomCellSuper.m in Sources */,
				FA241D3E1715669200BCC84A /* MovieCustomCell.m in Sources */,
				FAC5B47417156C99008C7828 /* SortOptionsModalViewController.m in Sources */,
				FAC5B4831715D962008C7828 /* LocationTimeOptionViewController.m in Sources */,
				FAD20F8C1719761F0053160D /* DetailMovieViewController.m in Sources */,
				FA37CC5A171CB398000ADCF0 /* Cinema.m in Sources */,
				FA91DFD0173C4D65004932A9 /* LoginViewController.m in Sources */,
				FA2E1E96173E835900F39D5D /* AFHTTPClient.m in Sources */,
				FA2E1E97173E835900F39D5D /* AFHTTPRequestOperation.m in Sources */,
				FA2E1E98173E835900F39D5D /* AFImageRequestOperation.m in Sources */,
				FA2E1E99173E835900F39D5D /* AFJSONRequestOperation.m in Sources */,
				FA2E1E9A173E835900F39D5D /* AFNetworkActivityIndicatorManager.m in Sources */,
				FA2E1E9B173E835900F39D5D /* AFPropertyListRequestOperation.m in Sources */,
				FA2E1E9C173E835900F39D5D /* AFURLConnectionOperation.m in Sources */,
				FA2E1E9D173E835900F39D5D /* AFXMLRequestOperation.m in Sources */,
				FA2E1E9E173E835900F39D5D /* UIImageView+AFNetworking.m in Sources */,
				FA2E1EAE173E9FF600F39D5D /* LeftSearchViewController.m in Sources */,
				FA2E1EB71741992500F39D5D /* PKRevealController.m in Sources */,
				FA2E1EB81741992500F39D5D /* PKRevealControllerContainerView.m in Sources */,
				FA2E1EB91741992500F39D5D /* UIViewController+PKRevealController.m in Sources */,
			);
			runOnlyForDeploymentPostprocessing = 0;
		};
/* End PBXSourcesBuildPhase section */

/* Begin PBXVariantGroup section */
		FA395A181714040D00558196 /* InfoPlist.strings */ = {
			isa = PBXVariantGroup;
			children = (
				FA395A191714040D00558196 /* en */,
			);
			name = InfoPlist.strings;
			sourceTree = "<group>";
		};
/* End PBXVariantGroup section */

/* Begin XCBuildConfiguration section */
		FA395A271714040D00558196 /* Debug */ = {
			isa = XCBuildConfiguration;
			buildSettings = {
				ALWAYS_SEARCH_USER_PATHS = NO;
				CLANG_CXX_LANGUAGE_STANDARD = "gnu++0x";
				CLANG_CXX_LIBRARY = "libc++";
				CLANG_ENABLE_OBJC_ARC = YES;
				CLANG_WARN_CONSTANT_CONVERSION = YES;
				CLANG_WARN_EMPTY_BODY = YES;
				CLANG_WARN_ENUM_CONVERSION = YES;
				CLANG_WARN_INT_CONVERSION = YES;
				CLANG_WARN__DUPLICATE_METHOD_MATCH = YES;
				"CODE_SIGN_IDENTITY[sdk=iphoneos*]" = "iPhone Developer";
				COPY_PHASE_STRIP = NO;
				GCC_C_LANGUAGE_STANDARD = gnu99;
				GCC_DYNAMIC_NO_PIC = NO;
				GCC_OPTIMIZATION_LEVEL = 0;
				GCC_PREPROCESSOR_DEFINITIONS = (
					"DEBUG=1",
					"$(inherited)",
				);
				GCC_SYMBOLS_PRIVATE_EXTERN = NO;
				GCC_WARN_ABOUT_RETURN_TYPE = YES;
				GCC_WARN_UNINITIALIZED_AUTOS = YES;
				GCC_WARN_UNUSED_VARIABLE = YES;
				IPHONEOS_DEPLOYMENT_TARGET = 6.1;
				ONLY_ACTIVE_ARCH = YES;
				SDKROOT = iphoneos;
			};
			name = Debug;
		};
		FA395A281714040D00558196 /* Release */ = {
			isa = XCBuildConfiguration;
			buildSettings = {
				ALWAYS_SEARCH_USER_PATHS = NO;
				CLANG_CXX_LANGUAGE_STANDARD = "gnu++0x";
				CLANG_CXX_LIBRARY = "libc++";
				CLANG_ENABLE_OBJC_ARC = YES;
				CLANG_WARN_CONSTANT_CONVERSION = YES;
				CLANG_WARN_EMPTY_BODY = YES;
				CLANG_WARN_ENUM_CONVERSION = YES;
				CLANG_WARN_INT_CONVERSION = YES;
				CLANG_WARN__DUPLICATE_METHOD_MATCH = YES;
				"CODE_SIGN_IDENTITY[sdk=iphoneos*]" = "iPhone Developer";
				COPY_PHASE_STRIP = YES;
				GCC_C_LANGUAGE_STANDARD = gnu99;
				GCC_WARN_ABOUT_RETURN_TYPE = YES;
				GCC_WARN_UNINITIALIZED_AUTOS = YES;
				GCC_WARN_UNUSED_VARIABLE = YES;
				IPHONEOS_DEPLOYMENT_TARGET = 6.1;
				OTHER_CFLAGS = "-DNS_BLOCK_ASSERTIONS=1";
				SDKROOT = iphoneos;
				VALIDATE_PRODUCT = YES;
			};
			name = Release;
		};
		FA395A2A1714040D00558196 /* Debug */ = {
			isa = XCBuildConfiguration;
			buildSettings = {
				FRAMEWORK_SEARCH_PATHS = (
					"$(inherited)",
					"\"$(SRCROOT)\"",
				);
				GCC_PRECOMPILE_PREFIX_HEADER = YES;
				GCC_PREFIX_HEADER = "GoToCinema/GoToCinema-Prefix.pch";
				INFOPLIST_FILE = "GoToCinema/GoToCinema-Info.plist";
				IPHONEOS_DEPLOYMENT_TARGET = 6.0;
				OTHER_LDFLAGS = "";
				PRODUCT_NAME = "$(TARGET_NAME)";
				WRAPPER_EXTENSION = app;
			};
			name = Debug;
		};
		FA395A2B1714040D00558196 /* Release */ = {
			isa = XCBuildConfiguration;
			buildSettings = {
				FRAMEWORK_SEARCH_PATHS = (
					"$(inherited)",
					"\"$(SRCROOT)\"",
				);
				GCC_PRECOMPILE_PREFIX_HEADER = YES;
				GCC_PREFIX_HEADER = "GoToCinema/GoToCinema-Prefix.pch";
				INFOPLIST_FILE = "GoToCinema/GoToCinema-Info.plist";
				IPHONEOS_DEPLOYMENT_TARGET = 6.0;
				OTHER_LDFLAGS = "";
				PRODUCT_NAME = "$(TARGET_NAME)";
				WRAPPER_EXTENSION = app;
			};
			name = Release;
		};
/* End XCBuildConfiguration section */

/* Begin XCConfigurationList section */
		FA395A071714040C00558196 /* Build configuration list for PBXProject "GoToCinema" */ = {
			isa = XCConfigurationList;
			buildConfigurations = (
				FA395A271714040D00558196 /* Debug */,
				FA395A281714040D00558196 /* Release */,
			);
			defaultConfigurationIsVisible = 0;
			defaultConfigurationName = Release;
		};
		FA395A291714040D00558196 /* Build configuration list for PBXNativeTarget "GoToCinema" */ = {
			isa = XCConfigurationList;
			buildConfigurations = (
				FA395A2A1714040D00558196 /* Debug */,
				FA395A2B1714040D00558196 /* Release */,
			);
			defaultConfigurationIsVisible = 0;
			defaultConfigurationName = Release;
		};
/* End XCConfigurationList section */
	};
	rootObject = FA395A041714040C00558196 /* Project object */;
}
